
Microsoft Visual Studio Solution File, Format Version 12.00
# Visual Studio 2012
Project("{FAE04EC0-301F-11D3-BF4B-00C04F79EFBC}") = "GrokBinding", "GrokBinding\GrokBinding.csproj", "{2E84D708-8552-49A8-B208-5B1F4578CA22}"
EndProject
Global
	GlobalSection(SolutionConfigurationPlatforms) = preSolution
		Debug|Any CPU = Debug|Any CPU
		Release|Any CPU = Release|Any CPU
	EndGlobalSection
	GlobalSection(ProjectConfigurationPlatforms) = postSolution
		{2E84D708-8552-49A8-B208-5B1F4578CA22}.Debug|Any CPU.ActiveCfg = Debug|Any CPU
		{2E84D708-8552-49A8-B208-5B1F4578CA22}.Debug|Any CPU.Build.0 = Debug|Any CPU
		{2E84D708-8552-49A8-B208-5B1F4578CA22}.Release|Any CPU.ActiveCfg = Release|Any CPU
		{2E84D708-8552-49A8-B208-5B1F4578CA22}.Release|Any CPU.Build.0 = Release|Any CPU
	EndGlobalSection
EndGlobal
